{
  "name": "@definejs/mobile-app",
  "version": "0.1.0",
  "lockfileVersion": 1,
  "requires": true,
  "dependencies": {
    "@definejs/api": {
      "version": "0.1.2",
      "resolved": "https://registry.npmjs.org/@definejs/api/-/api-0.1.2.tgz",
      "integrity": "sha512-u0cwB4xXE9dhvq5NOA2rjNW7ofCqf6+wfGFry+9MKxEEfTMbyqYoizU5LqMSa0ifNT0XlqkQhFMO69nXtjj6Tg==",
      "requires": {
        "@definejs/emitter": "^0.1.0",
        "@definejs/fn": "^0.1.0",
        "@definejs/json": "^0.1.0",
        "@definejs/object": "^0.1.4",
        "@definejs/proxy": "^0.1.0",
        "@definejs/query": "^0.1.0",
        "@definejs/string": "^0.1.1"
      }
    },
    "@definejs/app": {
      "version": "0.1.1",
      "resolved": "https://registry.npmjs.org/@definejs/app/-/app-0.1.1.tgz",
      "integrity": "sha512-pwiL/MVHxLxXr4j1moy+y6YlTeLx3LZTOLYRtwgU738GDuH+gTfypmnc0dYH4mz+tRv3JQK8XVLK11PIcGZJnw==",
      "requires": {
        "@definejs/app-module": "^0.1.2",
        "@definejs/local-storage": "^0.1.3",
        "@definejs/navigator": "^0.1.2",
        "@definejs/object": "^0.1.7",
        "@definejs/package": "^0.1.6",
        "@definejs/session-storage": "^0.1.2",
        "@definejs/tasker": "^0.1.3",
        "jquery": "^3.5.1"
      }
    },
    "@definejs/app-module": {
      "version": "0.1.2",
      "resolved": "https://registry.npmjs.org/@definejs/app-module/-/app-module-0.1.2.tgz",
      "integrity": "sha512-/wBhMS8GW1ga0Uz3Sik0cpF3xTE6wNKk4EZD7R9cA7PZEiNWEAErO8YcIZn3c1YuNc+BpuoQEALD/cjhTXhVHg==",
      "requires": {
        "@definejs/emitter": "^0.1.4",
        "@definejs/module-manager": "^0.1.4",
        "@definejs/object": "^0.1.7",
        "@definejs/string": "^0.1.5"
      }
    },
    "@definejs/browser-hash": {
      "version": "0.1.0",
      "resolved": "https://registry.npmjs.org/@definejs/browser-hash/-/browser-hash-0.1.0.tgz",
      "integrity": "sha512-oBfooQv7CLDpLqtSRiezLkDRzbq4xMYawNMMULYQYN2Cehz3rU3qJO44VUuR/A2ubO13+vRLk3592tpfJmueUg==",
      "requires": {
        "@definejs/hash": "^0.1.3"
      }
    },
    "@definejs/emitter": {
      "version": "0.1.4",
      "resolved": "https://registry.npmjs.org/@definejs/emitter/-/emitter-0.1.4.tgz",
      "integrity": "sha512-vg23Vqhdg3ifYT+SzDOjrIFTMDcivDZUWDo5c5AHyX5L5TsjWaEos3rOoX3FmPit0lEY0mCMVAeW4kT2c43N+w==",
      "requires": {
        "@definejs/object": "^0.1.2",
        "@definejs/tree": "^0.1.4"
      }
    },
    "@definejs/fn": {
      "version": "0.1.3",
      "resolved": "https://registry.npmjs.org/@definejs/fn/-/fn-0.1.3.tgz",
      "integrity": "sha512-u1Y9IytXh98FucW4jx2b9FwcwECrrMsjFn1AGt37ZNfzwiTTxPOXhWMEzqAhPmMfqcrw+tjoIXUlwWsU7YlIUQ==",
      "requires": {
        "@definejs/math": "^0.1.2"
      }
    },
    "@definejs/hash": {
      "version": "0.1.3",
      "resolved": "https://registry.npmjs.org/@definejs/hash/-/hash-0.1.3.tgz",
      "integrity": "sha512-MpxEd/MGaWWRLVQOiRdTFEX5kXlDrRr0uc3tKLjjFTbslxKCivTx0XsjhB2ra8x/wUtF9AWk3jdP4yUp59tSag==",
      "requires": {
        "@definejs/object": "^0.1.2",
        "@definejs/query": "^0.1.0"
      }
    },
    "@definejs/json": {
      "version": "0.1.4",
      "resolved": "https://registry.npmjs.org/@definejs/json/-/json-0.1.4.tgz",
      "integrity": "sha512-m9hwXdqkVLoNvBMGR+mKXTIm9fbebcrManHL48HbiQ4GJ7frTDnxhWUF2ZSEeeDYlxC1digWg33yPgcGQqf1PA=="
    },
    "@definejs/local-storage": {
      "version": "0.1.3",
      "resolved": "https://registry.npmjs.org/@definejs/local-storage/-/local-storage-0.1.3.tgz",
      "integrity": "sha512-MWC2U/yAivvQgkOnvo5+OfS9N+SIeZzBBTB3BxKyJoMi8sMtVsXrBVNuVvhKQFLwirgWBpN34NOrP4VJXnca5Q==",
      "requires": {
        "@definejs/object": "^0.1.5",
        "circular-json": "^0.5.9"
      }
    },
    "@definejs/masker": {
      "version": "0.1.4",
      "resolved": "https://registry.npmjs.org/@definejs/masker/-/masker-0.1.4.tgz",
      "integrity": "sha512-xQxf5qQPT5vkpCkWGyHFKKASOZBhe5u8tLe3e24UfodP3fglCvim8YFzXAwxosSwyr3PRW4wlc7iW6qis0j95A==",
      "requires": {
        "@definejs/emitter": "^0.1.3",
        "@definejs/object": "^0.1.6",
        "@definejs/string": "^0.1.4",
        "@definejs/style": "^0.1.0",
        "jquery": "^3.5.1"
      }
    },
    "@definejs/math": {
      "version": "0.1.4",
      "resolved": "https://registry.npmjs.org/@definejs/math/-/math-0.1.4.tgz",
      "integrity": "sha512-bcVlKpwhJGryAJ6dQHC95tGPTscBkWZqE9fV8iOR0k+Cy0lBG677qC409rQbnGccMBoYvOvJtQPop9L2gzrtoA=="
    },
    "@definejs/module-manager": {
      "version": "0.1.4",
      "resolved": "https://registry.npmjs.org/@definejs/module-manager/-/module-manager-0.1.4.tgz",
      "integrity": "sha512-F8a3PlQ9DbWZq0EZdZFC6Y+SXC5oJx4JbbBmBdYHQ5FTURQNu1GoaL+nacjqH4q21UDBbEtBBjkPmEpKrFj3sA=="
    },
    "@definejs/navigator": {
      "version": "0.1.4",
      "resolved": "https://registry.npmjs.org/@definejs/navigator/-/navigator-0.1.4.tgz",
      "integrity": "sha512-UPSAbSqzQbRDZWR/0Xivqk/UYh0wiZzZpCWdBK/QhPFRlJ/nsJzLGyPdHtg08A+X3HlxEEp2oXopFa+xgg+WIw==",
      "requires": {
        "@definejs/browser-hash": "^0.1.0",
        "@definejs/emitter": "^0.1.4",
        "@definejs/session-storage": "^0.1.2",
        "@definejs/string": "^0.1.5"
      }
    },
    "@definejs/object": {
      "version": "0.1.7",
      "resolved": "https://registry.npmjs.org/@definejs/object/-/object-0.1.7.tgz",
      "integrity": "sha512-Km1+636onFmYOTFMPEYK5tjnYlvIk+cGS/eGV/k5YF4fMoZMIouY8MiBtb5Gn5iUKlepr/iFeqCZ6vci6gYFxQ=="
    },
    "@definejs/package": {
      "version": "0.1.6",
      "resolved": "https://registry.npmjs.org/@definejs/package/-/package-0.1.6.tgz",
      "integrity": "sha512-HV4/ZaAar4vhodBTxsd7vkSxZmZH2612XZpe+JoAyvd4SejYAmQ+vIvbyUzYdvwwpJAmu/VWknj6WfjIus66RA==",
      "requires": {
        "@definejs/api": "^0.1.1",
        "@definejs/query": "^0.1.1",
        "@definejs/script": "^0.1.1",
        "@definejs/tasker": "^0.1.2",
        "@definejs/url": "^0.1.4"
      }
    },
    "@definejs/proxy": {
      "version": "0.1.2",
      "resolved": "https://registry.npmjs.org/@definejs/proxy/-/proxy-0.1.2.tgz",
      "integrity": "sha512-2r92nYdDBMOgrvg28KhlsWCkxKaOAl673YWB+bnXct4UmzrEzH2w/AF+L0WGjduW6UvZU9cQD+AILSqChCOIEw==",
      "requires": {
        "@definejs/fn": "^0.1.0",
        "@definejs/json": "^0.1.0",
        "@definejs/query": "^0.1.0",
        "@definejs/script": "^0.1.0",
        "@definejs/url": "^0.1.2"
      }
    },
    "@definejs/query": {
      "version": "0.1.1",
      "resolved": "https://registry.npmjs.org/@definejs/query/-/query-0.1.1.tgz",
      "integrity": "sha512-l9umbqRzj2vhauGyOElZyBO4rsb/vRXOen6J7/2wE9zLSefJfnhPCoo1CrlmAEveQM+bWdYebpSzlBt/CXQiKg==",
      "requires": {
        "@definejs/object": "^0.1.2",
        "@definejs/string": "^0.1.1"
      }
    },
    "@definejs/script": {
      "version": "0.1.2",
      "resolved": "https://registry.npmjs.org/@definejs/script/-/script-0.1.2.tgz",
      "integrity": "sha512-5b57L5ecoILKq047DwfeTpRHG34G8VV9dPfTKn/y3QGXCzzC+/uQQO5jiwCBoq1yXrJQVDu8Y7zGDYnBxh/1wQ==",
      "requires": {
        "@definejs/object": "^0.1.3"
      }
    },
    "@definejs/session-storage": {
      "version": "0.1.2",
      "resolved": "https://registry.npmjs.org/@definejs/session-storage/-/session-storage-0.1.2.tgz",
      "integrity": "sha512-dO3g/GgWvIx8MSUrlq1IJfn+vP0UnvvRZT7tuo1yx/ZdDfvIfbl/3bHUd9wxqNY2WeWnnzkFxtel864+24hB1g==",
      "requires": {
        "@definejs/object": "^0.1.5",
        "circular-json": "^0.5.9"
      }
    },
    "@definejs/string": {
      "version": "0.1.5",
      "resolved": "https://registry.npmjs.org/@definejs/string/-/string-0.1.5.tgz",
      "integrity": "sha512-vQBMujgfLJdZOoxizeJUO87n50z/wQIkiwnFedChl8H9IuEa8FuKMIeZ2cQb1q0tphIPLTiXe4Mh+N5oe1NT5w=="
    },
    "@definejs/style": {
      "version": "0.1.0",
      "resolved": "https://registry.npmjs.org/@definejs/style/-/style-0.1.0.tgz",
      "integrity": "sha512-J+sLpT0zS3oIhXm+EXX9iREhIhhwWhcWIag+raLuRb9RsCvVJTJ6SVq3ez0E71c2mlq6i8cbzTKp4m7vtCnCpw==",
      "requires": {
        "@definejs/object": "^0.1.5"
      }
    },
    "@definejs/tasker": {
      "version": "0.1.3",
      "resolved": "https://registry.npmjs.org/@definejs/tasker/-/tasker-0.1.3.tgz",
      "integrity": "sha512-BC+h4UUW+qFvzPirz7bqrdsi7xkrtADfymrWzhKyfon4C91RLe7lWqj/7OS2MpZwcj7O+E1wZDApOO5u0gB4Ig==",
      "requires": {
        "@definejs/emitter": "^0.1.0"
      }
    },
    "@definejs/transition-end": {
      "version": "0.1.1",
      "resolved": "https://registry.npmjs.org/@definejs/transition-end/-/transition-end-0.1.1.tgz",
      "integrity": "sha512-6f5SWpJRd4QCU9KGNk40RVrHaQjuxC+xgbnr6VXSSZWPyJwCp5NNV06f/g0nScJ2e5hVOAUsTf/nhCn0TZilYg=="
    },
    "@definejs/tree": {
      "version": "0.1.5",
      "resolved": "https://registry.npmjs.org/@definejs/tree/-/tree-0.1.5.tgz",
      "integrity": "sha512-fuHw1Z2S8NlUUJiafnDc5PplSJflTtwy3cG/NaOT/YO3zcKEiP5DHk2a0Omq1Eeyhe4ynepY8IqhXaH937Uefg==",
      "requires": {
        "@definejs/object": "^0.1.0"
      }
    },
    "@definejs/url": {
      "version": "0.1.5",
      "resolved": "https://registry.npmjs.org/@definejs/url/-/url-0.1.5.tgz",
      "integrity": "sha512-qW96/M3D0K8iNXvNogljRn339gtcLQyawi8XWx9NLQzFfYGTrn3hM6X0i2GCQPDGpTph4siQte2RRL3OaspPWA=="
    },
    "@definejs/view-slider": {
      "version": "0.1.1",
      "resolved": "https://registry.npmjs.org/@definejs/view-slider/-/view-slider-0.1.1.tgz",
      "integrity": "sha512-HFPjxoEY7we4BwRJ8HbNHbFAxk2ul96iIfEOFFHGr8x7mqJgNrZUAC969mCdL/B6Zr+vlZ2Is7a3EHBwOIx0WQ==",
      "requires": {
        "@definejs/fn": "^0.1.1",
        "@definejs/masker": "^0.1.2",
        "@definejs/string": "^0.1.4",
        "@definejs/transition-end": "^0.1.0"
      }
    },
    "circular-json": {
      "version": "0.5.9",
      "resolved": "https://registry.npmjs.org/circular-json/-/circular-json-0.5.9.tgz",
      "integrity": "sha512-4ivwqHpIFJZBuhN3g/pEcdbnGUywkBblloGbkglyloVjjR3uT6tieI89MVOfbP2tHX5sgb01FuLgAOzebNlJNQ=="
    },
    "jquery": {
      "version": "3.5.1",
      "resolved": "https://registry.npmjs.org/jquery/-/jquery-3.5.1.tgz",
      "integrity": "sha512-XwIBPqcMn57FxfT+Go5pzySnm4KWkT1Tv7gjrpT1srtf8Weynl6R273VJ5GjkRb51IzMp5nbaPjJXMWeju2MKg=="
    }
  }
}
